
Microsoft Visual Studio Solution File, Format Version 12.00
# Visual Studio Version 17
VisualStudioVersion = 17.5.33516.290
MinimumVisualStudioVersion = 10.0.40219.1
Project("{9A19103F-16F7-4668-BE54-9A1E7A4F7556}") = "ace_access_system", "ace_access_system\ace_access_system.csproj", "{11D8E1B9-8BB9-452E-B33D-F1ECB78F1897}"
EndProject
Project("{2150E333-8FDC-42A3-9474-1A3956D46DE8}") = "Solution Items", "Solution Items", "{081765CA-3712-4A7D-8DD6-C10C7F87FD92}"
	ProjectSection(SolutionItems) = preProject
		.editorconfig = .editorconfig
	EndProjectSection
EndProject
Global
	GlobalSection(SolutionConfigurationPlatforms) = preSolution
		Debug|Any CPU = Debug|Any CPU
		Release|Any CPU = Release|Any CPU
	EndGlobalSection
	GlobalSection(ProjectConfigurationPlatforms) = postSolution
		{11D8E1B9-8BB9-452E-B33D-F1ECB78F1897}.Debug|Any CPU.ActiveCfg = Debug|Any CPU
		{11D8E1B9-8BB9-452E-B33D-F1ECB78F1897}.Debug|Any CPU.Build.0 = Debug|Any CPU
		{11D8E1B9-8BB9-452E-B33D-F1ECB78F1897}.Release|Any CPU.ActiveCfg = Release|Any CPU
		{11D8E1B9-8BB9-452E-B33D-F1ECB78F1897}.Release|Any CPU.Build.0 = Release|Any CPU
	EndGlobalSection
	GlobalSection(SolutionProperties) = preSolution
		HideSolutionNode = FALSE
	EndGlobalSection
	GlobalSection(ExtensibilityGlobals) = postSolution
		SolutionGuid = {52B3173D-5855-4058-8085-AEF37C41FEAD}
	EndGlobalSection
EndGlobal
